
Microsoft Visual Studio Solution File, Format Version 12.00
# Visual Studio Version 16
VisualStudioVersion = 16.0.29519.181
MinimumVisualStudioVersion = 10.0.40219.1
Project("{FAE04EC0-301F-11D3-BF4B-00C04F79EFBC}") = "Algorithms", "Algorithms\Algorithms.csproj", "{EF35B357-83E8-4AE4-8F03-96030986025C}"
EndProject
Project("{FAE04EC0-301F-11D3-BF4B-00C04F79EFBC}") = "DataStructures", "DataStructures\DataStructures.csproj", "{A8BC4AC4-8260-4660-96E0-E724556BB141}"
EndProject
Project("{FAE04EC0-301F-11D3-BF4B-00C04F79EFBC}") = "TraceTest", "Tracing\TraceTest.csproj", "{216F1587-C9D1-4992-93C3-51FF6424A573}"
EndProject
Project("{FAE04EC0-301F-11D3-BF4B-00C04F79EFBC}") = "Regex", "Regex\Regex.csproj", "{443D3C48-EBEC-4997-A849-7490B4BE714B}"
EndProject
Project("{FAE04EC0-301F-11D3-BF4B-00C04F79EFBC}") = "Containers", "Containers\Containers.csproj", "{FDAE75F1-8D93-4DDD-8EE2-FA6982676E77}"
EndProject
Project("{FAE04EC0-301F-11D3-BF4B-00C04F79EFBC}") = "Serialisee", "Serialisee\Serialisee.csproj", "{486D9E4B-5BAE-4E09-B0FB-0722F332B8BD}"
EndProject
Project("{FAE04EC0-301F-11D3-BF4B-00C04F79EFBC}") = "DeserealiseJsonFootball", "DeserialiseJson\DeserealiseJsonFootball.csproj", "{8E0A3237-2219-4C25-86DC-8CA934612DBE}"
EndProject
Global
	GlobalSection(SolutionConfigurationPlatforms) = preSolution
		Debug|Any CPU = Debug|Any CPU
		Release|Any CPU = Release|Any CPU
	EndGlobalSection
	GlobalSection(ProjectConfigurationPlatforms) = postSolution
		{EF35B357-83E8-4AE4-8F03-96030986025C}.Debug|Any CPU.ActiveCfg = Debug|Any CPU
		{EF35B357-83E8-4AE4-8F03-96030986025C}.Debug|Any CPU.Build.0 = Debug|Any CPU
		{EF35B357-83E8-4AE4-8F03-96030986025C}.Release|Any CPU.ActiveCfg = Release|Any CPU
		{EF35B357-83E8-4AE4-8F03-96030986025C}.Release|Any CPU.Build.0 = Release|Any CPU
		{A8BC4AC4-8260-4660-96E0-E724556BB141}.Debug|Any CPU.ActiveCfg = Debug|Any CPU
		{A8BC4AC4-8260-4660-96E0-E724556BB141}.Debug|Any CPU.Build.0 = Debug|Any CPU
		{A8BC4AC4-8260-4660-96E0-E724556BB141}.Release|Any CPU.ActiveCfg = Release|Any CPU
		{A8BC4AC4-8260-4660-96E0-E724556BB141}.Release|Any CPU.Build.0 = Release|Any CPU
		{216F1587-C9D1-4992-93C3-51FF6424A573}.Debug|Any CPU.ActiveCfg = Debug|Any CPU
		{216F1587-C9D1-4992-93C3-51FF6424A573}.Debug|Any CPU.Build.0 = Debug|Any CPU
		{216F1587-C9D1-4992-93C3-51FF6424A573}.Release|Any CPU.ActiveCfg = Release|Any CPU
		{216F1587-C9D1-4992-93C3-51FF6424A573}.Release|Any CPU.Build.0 = Release|Any CPU
		{443D3C48-EBEC-4997-A849-7490B4BE714B}.Debug|Any CPU.ActiveCfg = Debug|Any CPU
		{443D3C48-EBEC-4997-A849-7490B4BE714B}.Debug|Any CPU.Build.0 = Debug|Any CPU
		{443D3C48-EBEC-4997-A849-7490B4BE714B}.Release|Any CPU.ActiveCfg = Release|Any CPU
		{443D3C48-EBEC-4997-A849-7490B4BE714B}.Release|Any CPU.Build.0 = Release|Any CPU
		{FDAE75F1-8D93-4DDD-8EE2-FA6982676E77}.Debug|Any CPU.ActiveCfg = Debug|Any CPU
		{FDAE75F1-8D93-4DDD-8EE2-FA6982676E77}.Debug|Any CPU.Build.0 = Debug|Any CPU
		{FDAE75F1-8D93-4DDD-8EE2-FA6982676E77}.Release|Any CPU.ActiveCfg = Release|Any CPU
		{FDAE75F1-8D93-4DDD-8EE2-FA6982676E77}.Release|Any CPU.Build.0 = Release|Any CPU
		{486D9E4B-5BAE-4E09-B0FB-0722F332B8BD}.Debug|Any CPU.ActiveCfg = Debug|Any CPU
		{486D9E4B-5BAE-4E09-B0FB-0722F332B8BD}.Debug|Any CPU.Build.0 = Debug|Any CPU
		{486D9E4B-5BAE-4E09-B0FB-0722F332B8BD}.Release|Any CPU.ActiveCfg = Release|Any CPU
		{486D9E4B-5BAE-4E09-B0FB-0722F332B8BD}.Release|Any CPU.Build.0 = Release|Any CPU
		{8E0A3237-2219-4C25-86DC-8CA934612DBE}.Debug|Any CPU.ActiveCfg = Debug|Any CPU
		{8E0A3237-2219-4C25-86DC-8CA934612DBE}.Debug|Any CPU.Build.0 = Debug|Any CPU
		{8E0A3237-2219-4C25-86DC-8CA934612DBE}.Release|Any CPU.ActiveCfg = Release|Any CPU
		{8E0A3237-2219-4C25-86DC-8CA934612DBE}.Release|Any CPU.Build.0 = Release|Any CPU
	EndGlobalSection
	GlobalSection(SolutionProperties) = preSolution
		HideSolutionNode = FALSE
	EndGlobalSection
	GlobalSection(ExtensibilityGlobals) = postSolution
		SolutionGuid = {9DE6EF52-B773-4AD6-B002-2375418D1C07}
	EndGlobalSection
EndGlobal
